// !$*UTF8*$!
{
	archiveVersion = 1;
	classes = {
	};
	objectVersion = 56;
	objects = {

/* Begin PBXBuildFile section */
		6D1B8B6429B585AD00085A47 /* ZenKakuGothicNew-Bold.ttf in Resources */ = {isa = PBXBuildFile; fileRef = 6D1B8B5E29B585AD00085A47 /* ZenKakuGothicNew-Bold.ttf */; };
		6D1B8B6529B585AD00085A47 /* ZenKakuGothicNew-Light.ttf in Resources */ = {isa = PBXBuildFile; fileRef = 6D1B8B5F29B585AD00085A47 /* ZenKakuGothicNew-Light.ttf */; };
		6D1B8B6629B585AD00085A47 /* ZenKakuGothicNew-Medium.ttf in Resources */ = {isa = PBXBuildFile; fileRef = 6D1B8B6029B585AD00085A47 /* ZenKakuGothicNew-Medium.ttf */; };
		6D1B8B6729B585AD00085A47 /* OFL.txt in Resources */ = {isa = PBXBuildFile; fileRef = 6D1B8B6129B585AD00085A47 /* OFL.txt */; };
		6D1B8B6829B585AD00085A47 /* ZenKakuGothicNew-Black.ttf in Resources */ = {isa = PBXBuildFile; fileRef = 6D1B8B6229B585AD00085A47 /* ZenKakuGothicNew-Black.ttf */; };
		6D1B8B6929B585AD00085A47 /* ZenKakuGothicNew-Regular.ttf in Resources */ = {isa = PBXBuildFile; fileRef = 6D1B8B6329B585AD00085A47 /* ZenKakuGothicNew-Regular.ttf */; };
		6D1B8B7029B5B35F00085A47 /* ColorDataManager.swift in Sources */ = {isa = PBXBuildFile; fileRef = 6D1B8B6F29B5B35F00085A47 /* ColorDataManager.swift */; };
		6D1B8B7329B5B95000085A47 /* PKHUD in Frameworks */ = {isa = PBXBuildFile; productRef = 6D1B8B7229B5B95000085A47 /* PKHUD */; };
		6D1B8B7529B5C0E800085A47 /* SegueKey.swift in Sources */ = {isa = PBXBuildFile; fileRef = 6D1B8B7429B5C0E800085A47 /* SegueKey.swift */; };
		6D1B8B7729B5C4EE00085A47 /* logger.swift in Sources */ = {isa = PBXBuildFile; fileRef = 6D1B8B7629B5C4EE00085A47 /* logger.swift */; };
		6D37457529B1995600843CA3 /* AppDelegate.swift in Sources */ = {isa = PBXBuildFile; fileRef = 6D37457429B1995600843CA3 /* AppDelegate.swift */; };
		6D37457729B1995600843CA3 /* SceneDelegate.swift in Sources */ = {isa = PBXBuildFile; fileRef = 6D37457629B1995600843CA3 /* SceneDelegate.swift */; };
		6D37457929B1995600843CA3 /* CameraViewController.swift in Sources */ = {isa = PBXBuildFile; fileRef = 6D37457829B1995600843CA3 /* CameraViewController.swift */; };
		6D37457C29B1995600843CA3 /* Main.storyboard in Resources */ = {isa = PBXBuildFile; fileRef = 6D37457A29B1995600843CA3 /* Main.storyboard */; };
		6D37457E29B1995700843CA3 /* Assets.xcassets in Resources */ = {isa = PBXBuildFile; fileRef = 6D37457D29B1995700843CA3 /* Assets.xcassets */; };
		6D37458129B1995700843CA3 /* LaunchScreen.storyboard in Resources */ = {isa = PBXBuildFile; fileRef = 6D37457F29B1995700843CA3 /* LaunchScreen.storyboard */; };
		6D6FAE8529B58303006B2868 /* SettingViewController.swift in Sources */ = {isa = PBXBuildFile; fileRef = 6D6FAE8429B58303006B2868 /* SettingViewController.swift */; };
		6D6FAE8729B5831C006B2868 /* EditPhotoViewController.swift in Sources */ = {isa = PBXBuildFile; fileRef = 6D6FAE8629B5831C006B2868 /* EditPhotoViewController.swift */; };
/* End PBXBuildFile section */

/* Begin PBXFileReference section */
		6D1B8B5E29B585AD00085A47 /* ZenKakuGothicNew-Bold.ttf */ = {isa = PBXFileReference; lastKnownFileType = file; path = "ZenKakuGothicNew-Bold.ttf"; sourceTree = "<group>"; };
		6D1B8B5F29B585AD00085A47 /* ZenKakuGothicNew-Light.ttf */ = {isa = PBXFileReference; lastKnownFileType = file; path = "ZenKakuGothicNew-Light.ttf"; sourceTree = "<group>"; };
		6D1B8B6029B585AD00085A47 /* ZenKakuGothicNew-Medium.ttf */ = {isa = PBXFileReference; lastKnownFileType = file; path = "ZenKakuGothicNew-Medium.ttf"; sourceTree = "<group>"; };
		6D1B8B6129B585AD00085A47 /* OFL.txt */ = {isa = PBXFileReference; fileEncoding = 4; lastKnownFileType = text; path = OFL.txt; sourceTree = "<group>"; };
		6D1B8B6229B585AD00085A47 /* ZenKakuGothicNew-Black.ttf */ = {isa = PBXFileReference; lastKnownFileType = file; path = "ZenKakuGothicNew-Black.ttf"; sourceTree = "<group>"; };
		6D1B8B6329B585AD00085A47 /* ZenKakuGothicNew-Regular.ttf */ = {isa = PBXFileReference; lastKnownFileType = file; path = "ZenKakuGothicNew-Regular.ttf"; sourceTree = "<group>"; };
		6D1B8B6F29B5B35F00085A47 /* ColorDataManager.swift */ = {isa = PBXFileReference; lastKnownFileType = sourcecode.swift; path = ColorDataManager.swift; sourceTree = "<group>"; };
		6D1B8B7429B5C0E800085A47 /* SegueKey.swift */ = {isa = PBXFileReference; lastKnownFileType = sourcecode.swift; path = SegueKey.swift; sourceTree = "<group>"; };
		6D1B8B7629B5C4EE00085A47 /* logger.swift */ = {isa = PBXFileReference; lastKnownFileType = sourcecode.swift; path = logger.swift; sourceTree = "<group>"; };
		6D37457129B1995600843CA3 /* Sai.app */ = {isa = PBXFileReference; explicitFileType = wrapper.application; includeInIndex = 0; path = Sai.app; sourceTree = BUILT_PRODUCTS_DIR; };
		6D37457429B1995600843CA3 /* AppDelegate.swift */ = {isa = PBXFileReference; lastKnownFileType = sourcecode.swift; path = AppDelegate.swift; sourceTree = "<group>"; };
		6D37457629B1995600843CA3 /* SceneDelegate.swift */ = {isa = PBXFileReference; lastKnownFileType = sourcecode.swift; path = SceneDelegate.swift; sourceTree = "<group>"; };
		6D37457829B1995600843CA3 /* CameraViewController.swift */ = {isa = PBXFileReference; lastKnownFileType = sourcecode.swift; path = CameraViewController.swift; sourceTree = "<group>"; };
		6D37457B29B1995600843CA3 /* Base */ = {isa = PBXFileReference; lastKnownFileType = file.storyboard; name = Base; path = Base.lproj/Main.storyboard; sourceTree = "<group>"; };
		6D37457D29B1995700843CA3 /* Assets.xcassets */ = {isa = PBXFileReference; lastKnownFileType = folder.assetcatalog; path = Assets.xcassets; sourceTree = "<group>"; };
		6D37458029B1995700843CA3 /* Base */ = {isa = PBXFileReference; lastKnownFileType = file.storyboard; name = Base; path = Base.lproj/LaunchScreen.storyboard; sourceTree = "<group>"; };
		6D37458229B1995700843CA3 /* Info.plist */ = {isa = PBXFileReference; lastKnownFileType = text.plist.xml; path = Info.plist; sourceTree = "<group>"; };
		6D6FAE8429B58303006B2868 /* SettingViewController.swift */ = {isa = PBXFileReference; lastKnownFileType = sourcecode.swift; path = SettingViewController.swift; sourceTree = "<group>"; };
		6D6FAE8629B5831C006B2868 /* EditPhotoViewController.swift */ = {isa = PBXFileReference; lastKnownFileType = sourcecode.swift; path = EditPhotoViewController.swift; sourceTree = "<group>"; };
/* End PBXFileReference section */

/* Begin PBXFrameworksBuildPhase section */
		6D37456E29B1995600843CA3 /* Frameworks */ = {
			isa = PBXFrameworksBuildPhase;
			buildActionMask = 2147483647;
			files = (
				6D1B8B7329B5B95000085A47 /* PKHUD in Frameworks */,
			);
			runOnlyForDeploymentPostprocessing = 0;
		};
/* End PBXFrameworksBuildPhase section */

/* Begin PBXGroup section */
		6D1B8B5D29B585AD00085A47 /* Zen_Kaku_Gothic_New */ = {
			isa = PBXGroup;
			children = (
				6D1B8B5E29B585AD00085A47 /* ZenKakuGothicNew-Bold.ttf */,
				6D1B8B5F29B585AD00085A47 /* ZenKakuGothicNew-Light.ttf */,
				6D1B8B6029B585AD00085A47 /* ZenKakuGothicNew-Medium.ttf */,
				6D1B8B6129B585AD00085A47 /* OFL.txt */,
				6D1B8B6229B585AD00085A47 /* ZenKakuGothicNew-Black.ttf */,
				6D1B8B6329B585AD00085A47 /* ZenKakuGothicNew-Regular.ttf */,
			);
			path = Zen_Kaku_Gothic_New;
			sourceTree = "<group>";
		};
		6D1B8B6A29B585B200085A47 /* Fonts */ = {
			isa = PBXGroup;
			children = (
				6D1B8B5D29B585AD00085A47 /* Zen_Kaku_Gothic_New */,
			);
			path = Fonts;
			sourceTree = "<group>";
		};
		6D1B8B6E29B5AD9100085A47 /* Models */ = {
			isa = PBXGroup;
			children = (
				6D1B8B7929B5C51300085A47 /* Helpers */,
				6D1B8B7829B5C50800085A47 /* Data */,
				6D1B8B7A29B5C51A00085A47 /* Debug */,
			);
			path = Models;
			sourceTree = "<group>";
		};
		6D1B8B7829B5C50800085A47 /* Data */ = {
			isa = PBXGroup;
			children = (
				6D1B8B6F29B5B35F00085A47 /* ColorDataManager.swift */,
			);
			path = Data;
			sourceTree = "<group>";
		};
		6D1B8B7929B5C51300085A47 /* Helpers */ = {
			isa = PBXGroup;
			children = (
				6D1B8B7429B5C0E800085A47 /* SegueKey.swift */,
			);
			path = Helpers;
			sourceTree = "<group>";
		};
		6D1B8B7A29B5C51A00085A47 /* Debug */ = {
			isa = PBXGroup;
			children = (
				6D1B8B7629B5C4EE00085A47 /* logger.swift */,
			);
			path = Debug;
			sourceTree = "<group>";
		};
		6D37456829B1995600843CA3 = {
			isa = PBXGroup;
			children = (
				6D37457329B1995600843CA3 /* Sai */,
				6D37457229B1995600843CA3 /* Products */,
			);
			sourceTree = "<group>";
		};
		6D37457229B1995600843CA3 /* Products */ = {
			isa = PBXGroup;
			children = (
				6D37457129B1995600843CA3 /* Sai.app */,
			);
			name = Products;
			sourceTree = "<group>";
		};
		6D37457329B1995600843CA3 /* Sai */ = {
			isa = PBXGroup;
			children = (
				6D37457429B1995600843CA3 /* AppDelegate.swift */,
				6D37457629B1995600843CA3 /* SceneDelegate.swift */,
				6D1B8B6E29B5AD9100085A47 /* Models */,
				6D6FAE8229B582BF006B2868 /* Controllers */,
				6D6FAE8329B582C7006B2868 /* Views */,
				6D1B8B6A29B585B200085A47 /* Fonts */,
				6D37457D29B1995700843CA3 /* Assets.xcassets */,
				6D37457F29B1995700843CA3 /* LaunchScreen.storyboard */,
				6D37458229B1995700843CA3 /* Info.plist */,
			);
			path = Sai;
			sourceTree = "<group>";
		};
		6D6FAE8229B582BF006B2868 /* Controllers */ = {
			isa = PBXGroup;
			children = (
				6D37457829B1995600843CA3 /* CameraViewController.swift */,
				6D6FAE8429B58303006B2868 /* SettingViewController.swift */,
				6D6FAE8629B5831C006B2868 /* EditPhotoViewController.swift */,
			);
			path = Controllers;
			sourceTree = "<group>";
		};
		6D6FAE8329B582C7006B2868 /* Views */ = {
			isa = PBXGroup;
			children = (
				6D37457A29B1995600843CA3 /* Main.storyboard */,
			);
			path = Views;
			sourceTree = "<group>";
		};
/* End PBXGroup section */

/* Begin PBXNativeTarget section */
		6D37457029B1995600843CA3 /* Sai */ = {
			isa = PBXNativeTarget;
			buildConfigurationList = 6D37458529B1995700843CA3 /* Build configuration list for PBXNativeTarget "Sai" */;
			buildPhases = (
				6D37456D29B1995600843CA3 /* Sources */,
				6D37456E29B1995600843CA3 /* Frameworks */,
				6D37456F29B1995600843CA3 /* Resources */,
			);
			buildRules = (
			);
			dependencies = (
			);
			name = Sai;
			packageProductDependencies = (
				6D1B8B7229B5B95000085A47 /* PKHUD */,
			);
			productName = Sai;
			productReference = 6D37457129B1995600843CA3 /* Sai.app */;
			productType = "com.apple.product-type.application";
		};
/* End PBXNativeTarget section */

/* Begin PBXProject section */
		6D37456929B1995600843CA3 /* Project object */ = {
			isa = PBXProject;
			attributes = {
				BuildIndependentTargetsInParallel = 1;
				LastSwiftUpdateCheck = 1420;
				LastUpgradeCheck = 1420;
				TargetAttributes = {
					6D37457029B1995600843CA3 = {
						CreatedOnToolsVersion = 14.2;
					};
				};
			};
			buildConfigurationList = 6D37456C29B1995600843CA3 /* Build configuration list for PBXProject "Sai" */;
			compatibilityVersion = "Xcode 14.0";
			developmentRegion = en;
			hasScannedForEncodings = 0;
			knownRegions = (
				en,
				Base,
			);
			mainGroup = 6D37456829B1995600843CA3;
			packageReferences = (
				6D1B8B7129B5B95000085A47 /* XCRemoteSwiftPackageReference "PKHUD" */,
			);
			productRefGroup = 6D37457229B1995600843CA3 /* Products */;
			projectDirPath = "";
			projectRoot = "";
			targets = (
				6D37457029B1995600843CA3 /* Sai */,
			);
		};
/* End PBXProject section */

/* Begin PBXResourcesBuildPhase section */
		6D37456F29B1995600843CA3 /* Resources */ = {
			isa = PBXResourcesBuildPhase;
			buildActionMask = 2147483647;
			files = (
				6D1B8B6729B585AD00085A47 /* OFL.txt in Resources */,
				6D1B8B6829B585AD00085A47 /* ZenKakuGothicNew-Black.ttf in Resources */,
				6D1B8B6929B585AD00085A47 /* ZenKakuGothicNew-Regular.ttf in Resources */,
				6D1B8B6629B585AD00085A47 /* ZenKakuGothicNew-Medium.ttf in Resources */,
				6D1B8B6529B585AD00085A47 /* ZenKakuGothicNew-Light.ttf in Resources */,
				6D1B8B6429B585AD00085A47 /* ZenKakuGothicNew-Bold.ttf in Resources */,
				6D37458129B1995700843CA3 /* LaunchScreen.storyboard in Resources */,
				6D37457E29B1995700843CA3 /* Assets.xcassets in Resources */,
				6D37457C29B1995600843CA3 /* Main.storyboard in Resources */,
			);
			runOnlyForDeploymentPostprocessing = 0;
		};
/* End PBXResourcesBuildPhase section */

/* Begin PBXSourcesBuildPhase section */
		6D37456D29B1995600843CA3 /* Sources */ = {
			isa = PBXSourcesBuildPhase;
			buildActionMask = 2147483647;
			files = (
				6D37457929B1995600843CA3 /* CameraViewController.swift in Sources */,
				6D1B8B7529B5C0E800085A47 /* SegueKey.swift in Sources */,
				6D6FAE8729B5831C006B2868 /* EditPhotoViewController.swift in Sources */,
				6D37457529B1995600843CA3 /* AppDelegate.swift in Sources */,
				6D1B8B7029B5B35F00085A47 /* ColorDataManager.swift in Sources */,
				6D37457729B1995600843CA3 /* SceneDelegate.swift in Sources */,
				6D6FAE8529B58303006B2868 /* SettingViewController.swift in Sources */,
				6D1B8B7729B5C4EE00085A47 /* logger.swift in Sources */,
			);
			runOnlyForDeploymentPostprocessing = 0;
		};
/* End PBXSourcesBuildPhase section */

/* Begin PBXVariantGroup section */
		6D37457A29B1995600843CA3 /* Main.storyboard */ = {
			isa = PBXVariantGroup;
			children = (
				6D37457B29B1995600843CA3 /* Base */,
			);
			name = Main.storyboard;
			sourceTree = "<group>";
		};
		6D37457F29B1995700843CA3 /* LaunchScreen.storyboard */ = {
			isa = PBXVariantGroup;
			children = (
				6D37458029B1995700843CA3 /* Base */,
			);
			name = LaunchScreen.storyboard;
			sourceTree = "<group>";
		};
/* End PBXVariantGroup section */

/* Begin XCBuildConfiguration section */
		6D37458329B1995700843CA3 /* Debug */ = {
			isa = XCBuildConfiguration;
			buildSettings = {
				ALWAYS_SEARCH_USER_PATHS = NO;
				CLANG_ANALYZER_NONNULL = YES;
				CLANG_ANALYZER_NUMBER_OBJECT_CONVERSION = YES_AGGRESSIVE;
				CLANG_CXX_LANGUAGE_STANDARD = "gnu++20";
				CLANG_ENABLE_MODULES = YES;
				CLANG_ENABLE_OBJC_ARC = YES;
				CLANG_ENABLE_OBJC_WEAK = YES;
				CLANG_WARN_BLOCK_CAPTURE_AUTORELEASING = YES;
				CLANG_WARN_BOOL_CONVERSION = YES;
				CLANG_WARN_COMMA = YES;
				CLANG_WARN_CONSTANT_CONVERSION = YES;
				CLANG_WARN_DEPRECATED_OBJC_IMPLEMENTATIONS = YES;
				CLANG_WARN_DIRECT_OBJC_ISA_USAGE = YES_ERROR;
				CLANG_WARN_DOCUMENTATION_COMMENTS = YES;
				CLANG_WARN_EMPTY_BODY = YES;
				CLANG_WARN_ENUM_CONVERSION = YES;
				CLANG_WARN_INFINITE_RECURSION = YES;
				CLANG_WARN_INT_CONVERSION = YES;
				CLANG_WARN_NON_LITERAL_NULL_CONVERSION = YES;
				CLANG_WARN_OBJC_IMPLICIT_RETAIN_SELF = YES;
				CLANG_WARN_OBJC_LITERAL_CONVERSION = YES;
				CLANG_WARN_OBJC_ROOT_CLASS = YES_ERROR;
				CLANG_WARN_QUOTED_INCLUDE_IN_FRAMEWORK_HEADER = YES;
				CLANG_WARN_RANGE_LOOP_ANALYSIS = YES;
				CLANG_WARN_STRICT_PROTOTYPES = YES;
				CLANG_WARN_SUSPICIOUS_MOVE = YES;
				CLANG_WARN_UNGUARDED_AVAILABILITY = YES_AGGRESSIVE;
				CLANG_WARN_UNREACHABLE_CODE = YES;
				CLANG_WARN__DUPLICATE_METHOD_MATCH = YES;
				COPY_PHASE_STRIP = NO;
				DEBUG_INFORMATION_FORMAT = dwarf;
				ENABLE_STRICT_OBJC_MSGSEND = YES;
				ENABLE_TESTABILITY = YES;
				GCC_C_LANGUAGE_STANDARD = gnu11;
				GCC_DYNAMIC_NO_PIC = NO;
				GCC_NO_COMMON_BLOCKS = YES;
				GCC_OPTIMIZATION_LEVEL = 0;
				GCC_PREPROCESSOR_DEFINITIONS = (
					"DEBUG=1",
					"$(inherited)",
				);
				GCC_WARN_64_TO_32_BIT_CONVERSION = YES;
				GCC_WARN_ABOUT_RETURN_TYPE = YES_ERROR;
				GCC_WARN_UNDECLARED_SELECTOR = YES;
				GCC_WARN_UNINITIALIZED_AUTOS = YES_AGGRESSIVE;
				GCC_WARN_UNUSED_FUNCTION = YES;
				GCC_WARN_UNUSED_VARIABLE = YES;
				IPHONEOS_DEPLOYMENT_TARGET = 16.2;
				MTL_ENABLE_DEBUG_INFO = INCLUDE_SOURCE;
				MTL_FAST_MATH = YES;
				ONLY_ACTIVE_ARCH = YES;
				SDKROOT = iphoneos;
				SWIFT_ACTIVE_COMPILATION_CONDITIONS = DEBUG;
				SWIFT_OPTIMIZATION_LEVEL = "-Onone";
			};
			name = Debug;
		};
		6D37458429B1995700843CA3 /* Release */ = {
			isa = XCBuildConfiguration;
			buildSettings = {
				ALWAYS_SEARCH_USER_PATHS = NO;
				CLANG_ANALYZER_NONNULL = YES;
				CLANG_ANALYZER_NUMBER_OBJECT_CONVERSION = YES_AGGRESSIVE;
				CLANG_CXX_LANGUAGE_STANDARD = "gnu++20";
				CLANG_ENABLE_MODULES = YES;
				CLANG_ENABLE_OBJC_ARC = YES;
				CLANG_ENABLE_OBJC_WEAK = YES;
				CLANG_WARN_BLOCK_CAPTURE_AUTORELEASING = YES;
				CLANG_WARN_BOOL_CONVERSION = YES;
				CLANG_WARN_COMMA = YES;
				CLANG_WARN_CONSTANT_CONVERSION = YES;
				CLANG_WARN_DEPRECATED_OBJC_IMPLEMENTATIONS = YES;
				CLANG_WARN_DIRECT_OBJC_ISA_USAGE = YES_ERROR;
				CLANG_WARN_DOCUMENTATION_COMMENTS = YES;
				CLANG_WARN_EMPTY_BODY = YES;
				CLANG_WARN_ENUM_CONVERSION = YES;
				CLANG_WARN_INFINITE_RECURSION = YES;
				CLANG_WARN_INT_CONVERSION = YES;
				CLANG_WARN_NON_LITERAL_NULL_CONVERSION = YES;
				CLANG_WARN_OBJC_IMPLICIT_RETAIN_SELF = YES;
				CLANG_WARN_OBJC_LITERAL_CONVERSION = YES;
				CLANG_WARN_OBJC_ROOT_CLASS = YES_ERROR;
				CLANG_WARN_QUOTED_INCLUDE_IN_FRAMEWORK_HEADER = YES;
				CLANG_WARN_RANGE_LOOP_ANALYSIS = YES;
				CLANG_WARN_STRICT_PROTOTYPES = YES;
				CLANG_WARN_SUSPICIOUS_MOVE = YES;
				CLANG_WARN_UNGUARDED_AVAILABILITY = YES_AGGRESSIVE;
				CLANG_WARN_UNREACHABLE_CODE = YES;
				CLANG_WARN__DUPLICATE_METHOD_MATCH = YES;
				COPY_PHASE_STRIP = NO;
				DEBUG_INFORMATION_FORMAT = "dwarf-with-dsym";
				ENABLE_NS_ASSERTIONS = NO;
				ENABLE_STRICT_OBJC_MSGSEND = YES;
				GCC_C_LANGUAGE_STANDARD = gnu11;
				GCC_NO_COMMON_BLOCKS = YES;
				GCC_WARN_64_TO_32_BIT_CONVERSION = YES;
				GCC_WARN_ABOUT_RETURN_TYPE = YES_ERROR;
				GCC_WARN_UNDECLARED_SELECTOR = YES;
				GCC_WARN_UNINITIALIZED_AUTOS = YES_AGGRESSIVE;
				GCC_WARN_UNUSED_FUNCTION = YES;
				GCC_WARN_UNUSED_VARIABLE = YES;
				IPHONEOS_DEPLOYMENT_TARGET = 16.2;
				MTL_ENABLE_DEBUG_INFO = NO;
				MTL_FAST_MATH = YES;
				SDKROOT = iphoneos;
				SWIFT_COMPILATION_MODE = wholemodule;
				SWIFT_OPTIMIZATION_LEVEL = "-O";
				VALIDATE_PRODUCT = YES;
			};
			name = Release;
		};
		6D37458629B1995700843CA3 /* Debug */ = {
			isa = XCBuildConfiguration;
			buildSettings = {
				ASSETCATALOG_COMPILER_APPICON_NAME = AppIcon;
				ASSETCATALOG_COMPILER_GLOBAL_ACCENT_COLOR_NAME = AccentColor;
				CODE_SIGN_STYLE = Automatic;
				CURRENT_PROJECT_VERSION = 1;
				DEVELOPMENT_TEAM = 93LJ9T3CBB;
				GENERATE_INFOPLIST_FILE = YES;
				INFOPLIST_FILE = Sai/Info.plist;
				INFOPLIST_KEY_NSCameraUsageDescription = "このアプリはカメラを使用します";
				INFOPLIST_KEY_NSPhotoLibraryAddUsageDescription = "アルバムへ写真を書き込みます";
				INFOPLIST_KEY_NSPhotoLibraryUsageDescription = "アルバムから写真を読み込みます";
				INFOPLIST_KEY_UIApplicationSupportsIndirectInputEvents = YES;
				INFOPLIST_KEY_UILaunchStoryboardName = LaunchScreen;
				INFOPLIST_KEY_UIMainStoryboardFile = Main;
				INFOPLIST_KEY_UISupportedInterfaceOrientations = UIInterfaceOrientationPortrait;
				INFOPLIST_KEY_UISupportedInterfaceOrientations_iPad = "UIInterfaceOrientationLandscapeLeft UIInterfaceOrientationLandscapeRight UIInterfaceOrientationPortrait UIInterfaceOrientationPortraitUpsideDown";
				LD_RUNPATH_SEARCH_PATHS = (
					"$(inherited)",
					"@executable_path/Frameworks",
				);
				MARKETING_VERSION = 1.0;
				PRODUCT_BUNDLE_IDENTIFIER = AtsushiHosaka.Sai;
				PRODUCT_NAME = "$(TARGET_NAME)";
				SUPPORTED_PLATFORMS = "iphoneos iphonesimulator";
				SUPPORTS_MACCATALYST = NO;
				SUPPORTS_MAC_DESIGNED_FOR_IPHONE_IPAD = NO;
				SWIFT_EMIT_LOC_STRINGS = YES;
				SWIFT_VERSION = 5.0;
				TARGETED_DEVICE_FAMILY = 1;
			};
			name = Debug;
		};
		6D37458729B1995700843CA3 /* Release */ = {
			isa = XCBuildConfiguration;
			buildSettings = {
				ASSETCATALOG_COMPILER_APPICON_NAME = AppIcon;
				ASSETCATALOG_COMPILER_GLOBAL_ACCENT_COLOR_NAME = AccentColor;
				CODE_SIGN_STYLE = Automatic;
				CURRENT_PROJECT_VERSION = 1;
				DEVELOPMENT_TEAM = 93LJ9T3CBB;
				GENERATE_INFOPLIST_FILE = YES;
				INFOPLIST_FILE = Sai/Info.plist;
				INFOPLIST_KEY_NSCameraUsageDescription = "このアプリはカメラを使用します";
				INFOPLIST_KEY_NSPhotoLibraryAddUsageDescription = "アルバムへ写真を書き込みます";
				INFOPLIST_KEY_NSPhotoLibraryUsageDescription = "アルバムから写真を読み込みます";
				INFOPLIST_KEY_UIApplicationSupportsIndirectInputEvents = YES;
				INFOPLIST_KEY_UILaunchStoryboardName = LaunchScreen;
				INFOPLIST_KEY_UIMainStoryboardFile = Main;
				INFOPLIST_KEY_UISupportedInterfaceOrientations = UIInterfaceOrientationPortrait;
				INFOPLIST_KEY_UISupportedInterfaceOrientations_iPad = "UIInterfaceOrientationLandscapeLeft UIInterfaceOrientationLandscapeRight UIInterfaceOrientationPortrait UIInterfaceOrientationPortraitUpsideDown";
				LD_RUNPATH_SEARCH_PATHS = (
					"$(inherited)",
					"@executable_path/Frameworks",
				);
				MARKETING_VERSION = 1.0;
				PRODUCT_BUNDLE_IDENTIFIER = AtsushiHosaka.Sai;
				PRODUCT_NAME = "$(TARGET_NAME)";
				SUPPORTED_PLATFORMS = "iphoneos iphonesimulator";
				SUPPORTS_MACCATALYST = NO;
				SUPPORTS_MAC_DESIGNED_FOR_IPHONE_IPAD = NO;
				SWIFT_EMIT_LOC_STRINGS = YES;
				SWIFT_VERSION = 5.0;
				TARGETED_DEVICE_FAMILY = 1;
			};
			name = Release;
		};
/* End XCBuildConfiguration section */

/* Begin XCConfigurationList section */
		6D37456C29B1995600843CA3 /* Build configuration list for PBXProject "Sai" */ = {
			isa = XCConfigurationList;
			buildConfigurations = (
				6D37458329B1995700843CA3 /* Debug */,
				6D37458429B1995700843CA3 /* Release */,
			);
			defaultConfigurationIsVisible = 0;
			defaultConfigurationName = Release;
		};
		6D37458529B1995700843CA3 /* Build configuration list for PBXNativeTarget "Sai" */ = {
			isa = XCConfigurationList;
			buildConfigurations = (
				6D37458629B1995700843CA3 /* Debug */,
				6D37458729B1995700843CA3 /* Release */,
			);
			defaultConfigurationIsVisible = 0;
			defaultConfigurationName = Release;
		};
/* End XCConfigurationList section */

/* Begin XCRemoteSwiftPackageReference section */
		6D1B8B7129B5B95000085A47 /* XCRemoteSwiftPackageReference "PKHUD" */ = {
			isa = XCRemoteSwiftPackageReference;
			repositoryURL = "https://github.com/pkluz/PKHUD";
			requirement = {
				kind = upToNextMajorVersion;
				minimumVersion = 5.0.0;
			};
		};
/* End XCRemoteSwiftPackageReference section */

/* Begin XCSwiftPackageProductDependency section */
		6D1B8B7229B5B95000085A47 /* PKHUD */ = {
			isa = XCSwiftPackageProductDependency;
			package = 6D1B8B7129B5B95000085A47 /* XCRemoteSwiftPackageReference "PKHUD" */;
			productName = PKHUD;
		};
/* End XCSwiftPackageProductDependency section */
	};
	rootObject = 6D37456929B1995600843CA3 /* Project object */;
}
